<?xml version="1.0" encoding="utf-8"?>
<Project ToolsVersion="4.0" xmlns="http://schemas.microsoft.com/developer/msbuild/2003">
  <ItemGroup>
    <Filter Include="소스 파일">
      <UniqueIdentifier>{4FC737F1-C7A5-4376-A066-2A32D752A2FF}</UniqueIdentifier>
      <Extensions>cpp;c;cc;cxx;c++;cppm;ixx;def;odl;idl;hpj;bat;asm;asmx</Extensions>
    </Filter>
    <Filter Include="헤더 파일">
      <UniqueIdentifier>{93995380-89BD-4b04-88EB-625FBE52EBFB}</UniqueIdentifier>
      <Extensions>h;hh;hpp;hxx;h++;hm;inl;inc;ipp;xsd</Extensions>
    </Filter>
    <Filter Include="리소스 파일">
      <UniqueIdentifier>{67DA6AB6-F800-4c08-8B7A-83BB121AAD01}</UniqueIdentifier>
      <Extensions>rc;ico;cur;bmp;dlg;rc2;rct;bin;rgs;gif;jpg;jpeg;jpe;resx;tiff;tif;png;wav;mfcribbon-ms</Extensions>
    </Filter>
    <Filter Include="Managers">
      <UniqueIdentifier>{fac4255d-3510-4190-905c-84f99eaf208c}</UniqueIdentifier>
    </Filter>
  </ItemGroup>
  <ItemGroup>
    <ClInclude Include="stdafx.h">
      <Filter>헤더 파일</Filter>
    </ClInclude>
    <ClInclude Include="JWindow.h">
      <Filter>헤더 파일</Filter>
    </ClInclude>
    <ClInclude Include="JSingleton.h">
      <Filter>헤더 파일</Filter>
    </ClInclude>
    <ClInclude Include="JGameEngine.h">
      <Filter>헤더 파일</Filter>
    </ClInclude>
    <ClInclude Include="JDevice.h">
      <Filter>헤더 파일</Filter>
    </ClInclude>
    <ClInclude Include="JTimer.h">
      <Filter>헤더 파일</Filter>
    </ClInclude>
    <ClInclude Include="JWriter.h">
      <Filter>헤더 파일</Filter>
    </ClInclude>
    <ClInclude Include="JInput.h">
      <Filter>헤더 파일</Filter>
    </ClInclude>
    <ClInclude Include="JVector.h">
      <Filter>헤더 파일</Filter>
    </ClInclude>
    <ClInclude Include="JBaseObject.h">
      <Filter>헤더 파일</Filter>
    </ClInclude>
    <ClInclude Include="JShape.h">
      <Filter>헤더 파일</Filter>
    </ClInclude>
    <ClInclude Include="JDXState.h">
      <Filter>헤더 파일</Filter>
    </ClInclude>
    <ClInclude Include="JCamera.h">
      <Filter>헤더 파일</Filter>
    </ClInclude>
    <ClInclude Include="JTextureManager.h">
      <Filter>Managers</Filter>
    </ClInclude>
    <ClInclude Include="JSpriteManager.h">
      <Filter>Managers</Filter>
    </ClInclude>
    <ClInclude Include="JSoundManager.h">
      <Filter>Managers</Filter>
    </ClInclude>
    <ClInclude Include="JShaderManager.h">
      <Filter>Managers</Filter>
    </ClInclude>
  </ItemGroup>
  <ItemGroup>
    <ClCompile Include="stdafx.cpp">
      <Filter>소스 파일</Filter>
    </ClCompile>
    <ClCompile Include="JWindow.cpp">
      <Filter>소스 파일</Filter>
    </ClCompile>
    <ClCompile Include="JGameEngine.cpp">
      <Filter>소스 파일</Filter>
    </ClCompile>
    <ClCompile Include="JDevice.cpp">
      <Filter>소스 파일</Filter>
    </ClCompile>
    <ClCompile Include="JTimer.cpp">
      <Filter>소스 파일</Filter>
    </ClCompile>
    <ClCompile Include="JWriter.cpp">
      <Filter>소스 파일</Filter>
    </ClCompile>
    <ClCompile Include="JInput.cpp">
      <Filter>소스 파일</Filter>
    </ClCompile>
    <ClCompile Include="JBaseObject.cpp">
      <Filter>소스 파일</Filter>
    </ClCompile>
    <ClCompile Include="JShape.cpp">
      <Filter>소스 파일</Filter>
    </ClCompile>
    <ClCompile Include="JDXState.cpp">
      <Filter>소스 파일</Filter>
    </ClCompile>
    <ClCompile Include="JCamera.cpp">
      <Filter>소스 파일</Filter>
    </ClCompile>
    <ClCompile Include="JShaderManager.cpp">
      <Filter>Managers</Filter>
    </ClCompile>
    <ClCompile Include="JSoundManager.cpp">
      <Filter>Managers</Filter>
    </ClCompile>
    <ClCompile Include="JSpriteManager.cpp">
      <Filter>Managers</Filter>
    </ClCompile>
    <ClCompile Include="JTextureManager.cpp">
      <Filter>Managers</Filter>
    </ClCompile>
  </ItemGroup>
  <ItemGroup>
    <None Include="ClassDiagram.cd" />
    <None Include="README.md" />
  </ItemGroup>
</Project>