
Microsoft Visual Studio Solution File, Format Version 12.00
# Visual Studio Version 16
VisualStudioVersion = 16.0.31624.102
MinimumVisualStudioVersion = 10.0.40219.1
Project("{8BC9CEB8-8B4A-11D0-8D11-00A0C91BC942}") = "DirectXGameEngine", "DirectXGameEngine\DirectXGameEngine.vcxproj", "{76997334-A4A1-45CF-989F-4F30C0DB5E4E}"
EndProject
Project("{8BC9CEB8-8B4A-11D0-8D11-00A0C91BC942}") = "Enter_the_gungeon_copy", "Enter_the_gungeon_copy\Enter_the_gungeon_copy.vcxproj", "{3BCE2232-F56E-49AF-98B2-88C0B052235E}"
EndProject
Global
	GlobalSection(SolutionConfigurationPlatforms) = preSolution
		Debug|x64 = Debug|x64
		Debug|x86 = Debug|x86
		Release|x64 = Release|x64
		Release|x86 = Release|x86
	EndGlobalSection
	GlobalSection(ProjectConfigurationPlatforms) = postSolution
		{76997334-A4A1-45CF-989F-4F30C0DB5E4E}.Debug|x64.ActiveCfg = Debug|x64
		{76997334-A4A1-45CF-989F-4F30C0DB5E4E}.Debug|x64.Build.0 = Debug|x64
		{76997334-A4A1-45CF-989F-4F30C0DB5E4E}.Debug|x86.ActiveCfg = Debug|Win32
		{76997334-A4A1-45CF-989F-4F30C0DB5E4E}.Debug|x86.Build.0 = Debug|Win32
		{76997334-A4A1-45CF-989F-4F30C0DB5E4E}.Release|x64.ActiveCfg = Release|x64
		{76997334-A4A1-45CF-989F-4F30C0DB5E4E}.Release|x64.Build.0 = Release|x64
		{76997334-A4A1-45CF-989F-4F30C0DB5E4E}.Release|x86.ActiveCfg = Release|Win32
		{76997334-A4A1-45CF-989F-4F30C0DB5E4E}.Release|x86.Build.0 = Release|Win32
		{3BCE2232-F56E-49AF-98B2-88C0B052235E}.Debug|x64.ActiveCfg = Debug|x64
		{3BCE2232-F56E-49AF-98B2-88C0B052235E}.Debug|x64.Build.0 = Debug|x64
		{3BCE2232-F56E-49AF-98B2-88C0B052235E}.Debug|x86.ActiveCfg = Debug|Win32
		{3BCE2232-F56E-49AF-98B2-88C0B052235E}.Debug|x86.Build.0 = Debug|Win32
		{3BCE2232-F56E-49AF-98B2-88C0B052235E}.Release|x64.ActiveCfg = Release|x64
		{3BCE2232-F56E-49AF-98B2-88C0B052235E}.Release|x64.Build.0 = Release|x64
		{3BCE2232-F56E-49AF-98B2-88C0B052235E}.Release|x86.ActiveCfg = Release|Win32
		{3BCE2232-F56E-49AF-98B2-88C0B052235E}.Release|x86.Build.0 = Release|Win32
	EndGlobalSection
	GlobalSection(SolutionProperties) = preSolution
		HideSolutionNode = FALSE
	EndGlobalSection
	GlobalSection(ExtensibilityGlobals) = postSolution
		SolutionGuid = {4AFA0CD5-6E2E-4290-B891-25D0E096C2F4}
	EndGlobalSection
EndGlobal
