<?xml version="1.0" encoding="utf-8"?>
<Project ToolsVersion="4.0" xmlns="http://schemas.microsoft.com/developer/msbuild/2003">
  <ItemGroup>
    <ClCompile Include="EnterTheGungeon.cpp" />
    <ClCompile Include="JBaseCharacter.cpp">
      <Filter>Characters</Filter>
    </ClCompile>
    <ClCompile Include="JUser.cpp">
      <Filter>Characters</Filter>
    </ClCompile>
    <ClCompile Include="JGun.cpp">
      <Filter>Weapons</Filter>
    </ClCompile>
    <ClCompile Include="JEnemy.cpp">
      <Filter>Characters</Filter>
    </ClCompile>
    <ClCompile Include="gr_black_revolver.cpp">
      <Filter>Weapons</Filter>
    </ClCompile>
    <ClCompile Include="Bullet.cpp">
      <Filter>Weapons</Filter>
    </ClCompile>
    <ClCompile Include="bullet_kin.cpp">
      <Filter>Characters</Filter>
    </ClCompile>
  </ItemGroup>
  <ItemGroup>
    <ClInclude Include="EnterTheGungeon.h" />
    <ClInclude Include="JBaseCharacter.h">
      <Filter>Characters</Filter>
    </ClInclude>
    <ClInclude Include="JUser.h">
      <Filter>Characters</Filter>
    </ClInclude>
    <ClInclude Include="JGun.h">
      <Filter>Weapons</Filter>
    </ClInclude>
    <ClInclude Include="JEnemy.h">
      <Filter>Characters</Filter>
    </ClInclude>
    <ClInclude Include="gr_black_revolver.h">
      <Filter>Weapons</Filter>
    </ClInclude>
    <ClInclude Include="Bullet.h">
      <Filter>Weapons</Filter>
    </ClInclude>
    <ClInclude Include="IObejctPoolable.h">
      <Filter>Weapons</Filter>
    </ClInclude>
    <ClInclude Include="ObjectPool.h">
      <Filter>Weapons</Filter>
    </ClInclude>
    <ClInclude Include="bullet_kin.h">
      <Filter>Characters</Filter>
    </ClInclude>
  </ItemGroup>
  <ItemGroup>
    <Image Include="_RAINBOW.bmp" />
  </ItemGroup>
  <ItemGroup>
    <Text Include="DefaulTextureShader.hlsl" />
  </ItemGroup>
  <ItemGroup>
    <Filter Include="Weapons">
      <UniqueIdentifier>{0d28c5a2-c6d1-4e66-a4f8-728e2d4874ff}</UniqueIdentifier>
    </Filter>
    <Filter Include="Characters">
      <UniqueIdentifier>{57ed8f03-b4dd-4c83-bdea-7afb2bb42654}</UniqueIdentifier>
    </Filter>
  </ItemGroup>
</Project>