<?xml version="1.0" encoding="utf-8"?>
<Project ToolsVersion="4.0" xmlns="http://schemas.microsoft.com/developer/msbuild/2003">
  <ItemGroup>
    <ClCompile Include="JBaseCharacter.cpp">
      <Filter>Characters</Filter>
    </ClCompile>
    <ClCompile Include="JUser.cpp">
      <Filter>Characters</Filter>
    </ClCompile>
    <ClCompile Include="JGun.cpp">
      <Filter>Weapons</Filter>
    </ClCompile>
    <ClCompile Include="JEnemy.cpp">
      <Filter>Characters</Filter>
    </ClCompile>
    <ClCompile Include="gr_black_revolver.cpp">
      <Filter>Weapons</Filter>
    </ClCompile>
    <ClCompile Include="Bullet.cpp">
      <Filter>Weapons</Filter>
    </ClCompile>
    <ClCompile Include="bullet_kin.cpp">
      <Filter>Characters</Filter>
    </ClCompile>
    <ClCompile Include="ObjectManager.cpp">
      <Filter>Object Manager</Filter>
    </ClCompile>
    <ClCompile Include="EnterTheGungeon.cpp">
      <Filter>main</Filter>
    </ClCompile>
    <ClCompile Include="Heart.cpp">
      <Filter>UI</Filter>
    </ClCompile>
    <ClCompile Include="Tile.cpp">
      <Filter>Map</Filter>
    </ClCompile>
  </ItemGroup>
  <ItemGroup>
    <ClInclude Include="JBaseCharacter.h">
      <Filter>Characters</Filter>
    </ClInclude>
    <ClInclude Include="JUser.h">
      <Filter>Characters</Filter>
    </ClInclude>
    <ClInclude Include="JGun.h">
      <Filter>Weapons</Filter>
    </ClInclude>
    <ClInclude Include="JEnemy.h">
      <Filter>Characters</Filter>
    </ClInclude>
    <ClInclude Include="gr_black_revolver.h">
      <Filter>Weapons</Filter>
    </ClInclude>
    <ClInclude Include="Bullet.h">
      <Filter>Weapons</Filter>
    </ClInclude>
    <ClInclude Include="bullet_kin.h">
      <Filter>Characters</Filter>
    </ClInclude>
    <ClInclude Include="ObjectManager.h">
      <Filter>Object Manager</Filter>
    </ClInclude>
    <ClInclude Include="EnterTheGungeon.h">
      <Filter>main</Filter>
    </ClInclude>
    <ClInclude Include="Heart.h">
      <Filter>UI</Filter>
    </ClInclude>
    <ClInclude Include="Tile.h">
      <Filter>Map</Filter>
    </ClInclude>
  </ItemGroup>
  <ItemGroup>
    <Image Include="_RAINBOW.bmp" />
  </ItemGroup>
  <ItemGroup>
    <Text Include="DefaulTextureShader.hlsl" />
  </ItemGroup>
  <ItemGroup>
    <Filter Include="Weapons">
      <UniqueIdentifier>{0d28c5a2-c6d1-4e66-a4f8-728e2d4874ff}</UniqueIdentifier>
    </Filter>
    <Filter Include="Characters">
      <UniqueIdentifier>{57ed8f03-b4dd-4c83-bdea-7afb2bb42654}</UniqueIdentifier>
    </Filter>
    <Filter Include="Object Manager">
      <UniqueIdentifier>{1d1a8e54-e45d-4d05-b748-d264e639ba7d}</UniqueIdentifier>
    </Filter>
    <Filter Include="main">
      <UniqueIdentifier>{344d8bec-03f5-4363-8006-5a0f17008d33}</UniqueIdentifier>
    </Filter>
    <Filter Include="UI">
      <UniqueIdentifier>{91ab5a2c-b624-43d5-8d85-38a78e751025}</UniqueIdentifier>
    </Filter>
    <Filter Include="Map">
      <UniqueIdentifier>{36ab67b6-1fb7-4d3b-9f2d-46baf3baa680}</UniqueIdentifier>
    </Filter>
  </ItemGroup>
  <ItemGroup>
    <None Include="ClassDiagram.cd" />
  </ItemGroup>
</Project>